
Microsoft Visual Studio Solution File, Format Version 12.00
# Visual Studio Version 16
VisualStudioVersion = 16.0.30503.244
MinimumVisualStudioVersion = 10.0.40219.1
Project("{9A19103F-16F7-4668-BE54-9A1E7A4F7556}") = "RunMe", "XmlRead1\RunMe.csproj", "{AA369681-4BAD-4BDE-BDAF-F50C2DA74942}"
EndProject
Project("{FAE04EC0-301F-11D3-BF4B-00C04F79EFBC}") = "AnotherNamespace", "AnotherNamespace\AnotherNamespace.csproj", "{2AD18E06-B904-4723-9C3B-A636457D2D2A}"
EndProject
Global
	GlobalSection(SolutionConfigurationPlatforms) = preSolution
		Debug|Any CPU = Debug|Any CPU
		Release|Any CPU = Release|Any CPU
	EndGlobalSection
	GlobalSection(ProjectConfigurationPlatforms) = postSolution
		{AA369681-4BAD-4BDE-BDAF-F50C2DA74942}.Debug|Any CPU.ActiveCfg = Debug|Any CPU
		{AA369681-4BAD-4BDE-BDAF-F50C2DA74942}.Debug|Any CPU.Build.0 = Debug|Any CPU
		{AA369681-4BAD-4BDE-BDAF-F50C2DA74942}.Release|Any CPU.ActiveCfg = Release|Any CPU
		{AA369681-4BAD-4BDE-BDAF-F50C2DA74942}.Release|Any CPU.Build.0 = Release|Any CPU
		{2AD18E06-B904-4723-9C3B-A636457D2D2A}.Debug|Any CPU.ActiveCfg = Debug|Any CPU
		{2AD18E06-B904-4723-9C3B-A636457D2D2A}.Debug|Any CPU.Build.0 = Debug|Any CPU
		{2AD18E06-B904-4723-9C3B-A636457D2D2A}.Release|Any CPU.ActiveCfg = Release|Any CPU
		{2AD18E06-B904-4723-9C3B-A636457D2D2A}.Release|Any CPU.Build.0 = Release|Any CPU
	EndGlobalSection
	GlobalSection(SolutionProperties) = preSolution
		HideSolutionNode = FALSE
	EndGlobalSection
	GlobalSection(ExtensibilityGlobals) = postSolution
		SolutionGuid = {5AC2D68F-5BCD-4610-AD44-8D34A9DF8903}
	EndGlobalSection
EndGlobal
